
Microsoft Visual Studio Solution File, Format Version 12.00
# Visual Studio 15
VisualStudioVersion = 15.0.28010.2048
MinimumVisualStudioVersion = 10.0.40219.1
Project("{FAE04EC0-301F-11D3-BF4B-00C04F79EFBC}") = "MD5Help", "MD5Help\MD5Help.csproj", "{0E07B152-E5A5-409C-9BEE-1FA0B9359AE2}"
EndProject
Global
	GlobalSection(SolutionConfigurationPlatforms) = preSolution
		Debug|Any CPU = Debug|Any CPU
		Release|Any CPU = Release|Any CPU
	EndGlobalSection
	GlobalSection(ProjectConfigurationPlatforms) = postSolution
		{0E07B152-E5A5-409C-9BEE-1FA0B9359AE2}.Debug|Any CPU.ActiveCfg = Debug|Any CPU
		{0E07B152-E5A5-409C-9BEE-1FA0B9359AE2}.Debug|Any CPU.Build.0 = Debug|Any CPU
		{0E07B152-E5A5-409C-9BEE-1FA0B9359AE2}.Release|Any CPU.ActiveCfg = Release|Any CPU
		{0E07B152-E5A5-409C-9BEE-1FA0B9359AE2}.Release|Any CPU.Build.0 = Release|Any CPU
	EndGlobalSection
	GlobalSection(SolutionProperties) = preSolution
		HideSolutionNode = FALSE
	EndGlobalSection
	GlobalSection(ExtensibilityGlobals) = postSolution
		SolutionGuid = {35D0A744-B686-456C-8020-24F029F27F03}
	EndGlobalSection
EndGlobal
